
Microsoft Visual Studio Solution File, Format Version 12.00
# Visual Studio 2012
Project("{FAE04EC0-301F-11D3-BF4B-00C04F79EFBC}") = "Penjualan_Kue", "Penjualan_Kue\Penjualan_Kue.csproj", "{D77EB584-CFAE-4C90-A2D4-CAF62CE3C810}"
EndProject
Global
	GlobalSection(SolutionConfigurationPlatforms) = preSolution
		Debug|Any CPU = Debug|Any CPU
		Release|Any CPU = Release|Any CPU
	EndGlobalSection
	GlobalSection(ProjectConfigurationPlatforms) = postSolution
		{D77EB584-CFAE-4C90-A2D4-CAF62CE3C810}.Debug|Any CPU.ActiveCfg = Debug|Any CPU
		{D77EB584-CFAE-4C90-A2D4-CAF62CE3C810}.Debug|Any CPU.Build.0 = Debug|Any CPU
		{D77EB584-CFAE-4C90-A2D4-CAF62CE3C810}.Release|Any CPU.ActiveCfg = Release|Any CPU
		{D77EB584-CFAE-4C90-A2D4-CAF62CE3C810}.Release|Any CPU.Build.0 = Release|Any CPU
	EndGlobalSection
	GlobalSection(SolutionProperties) = preSolution
		HideSolutionNode = FALSE
	EndGlobalSection
EndGlobal
